{
  "name": "habbo-packet",
  "version": "1.0.7",
  "lockfileVersion": 2,
  "requires": true,
  "packages": {
    "": {
      "name": "habbo-packet",
      "version": "1.0.7",
      "license": "MIT",
      "dependencies": {
        "bytebufferjs": "^1.0.3"
      }
    },
    "node_modules/bytebufferjs": {
      "version": "1.0.3",
      "resolved": "https://registry.npmjs.org/bytebufferjs/-/bytebufferjs-1.0.3.tgz",
      "integrity": "sha512-AxKb/9Zt691ItOrdzjc5XzuS3lUcW9MLoG5OGRwLoRoBQKkcHXWKkwuuidO7nswjKS2TAdwkAe2xLneVaPD7Fw=="
    }
  },
  "dependencies": {
    "bytebufferjs": {
      "version": "1.0.3",
      "resolved": "https://registry.npmjs.org/bytebufferjs/-/bytebufferjs-1.0.3.tgz",
      "integrity": "sha512-AxKb/9Zt691ItOrdzjc5XzuS3lUcW9MLoG5OGRwLoRoBQKkcHXWKkwuuidO7nswjKS2TAdwkAe2xLneVaPD7Fw=="
    }
  }
}
